
Microsoft Visual Studio Solution File, Format Version 12.00
# Visual Studio Version 17
VisualStudioVersion = 17.7.34221.43
MinimumVisualStudioVersion = 10.0.40219.1
Project("{FAE04EC0-301F-11D3-BF4B-00C04F79EFBC}") = "CountriesData", "CountriesData.csproj", "{33A41278-460C-4100-8D7A-19A984C70812}"
EndProject
Global
	GlobalSection(SolutionConfigurationPlatforms) = preSolution
		Debug|Any CPU = Debug|Any CPU
		Release|Any CPU = Release|Any CPU
	EndGlobalSection
	GlobalSection(ProjectConfigurationPlatforms) = postSolution
		{33A41278-460C-4100-8D7A-19A984C70812}.Debug|Any CPU.ActiveCfg = Debug|Any CPU
		{33A41278-460C-4100-8D7A-19A984C70812}.Debug|Any CPU.Build.0 = Debug|Any CPU
		{33A41278-460C-4100-8D7A-19A984C70812}.Release|Any CPU.ActiveCfg = Release|Any CPU
		{33A41278-460C-4100-8D7A-19A984C70812}.Release|Any CPU.Build.0 = Release|Any CPU
	EndGlobalSection
	GlobalSection(SolutionProperties) = preSolution
		HideSolutionNode = FALSE
	EndGlobalSection
	GlobalSection(ExtensibilityGlobals) = postSolution
		SolutionGuid = {6ED89479-4924-4BCA-AB75-1923FD02A2AC}
	EndGlobalSection
EndGlobal
